
Microsoft Visual Studio Solution File, Format Version 12.00
# Visual Studio Version 17
VisualStudioVersion = 17.4.33122.133
MinimumVisualStudioVersion = 10.0.40219.1
Project("{FAE04EC0-301F-11D3-BF4B-00C04F79EFBC}") = "SimularTabelaBDComBean", "SimularTabelaBDComBean\SimularTabelaBDComBean.csproj", "{A145E499-F8CE-40FB-A244-2CE9EA70A3EA}"
EndProject
Global
	GlobalSection(SolutionConfigurationPlatforms) = preSolution
		Debug|Any CPU = Debug|Any CPU
		Release|Any CPU = Release|Any CPU
	EndGlobalSection
	GlobalSection(ProjectConfigurationPlatforms) = postSolution
		{A145E499-F8CE-40FB-A244-2CE9EA70A3EA}.Debug|Any CPU.ActiveCfg = Debug|Any CPU
		{A145E499-F8CE-40FB-A244-2CE9EA70A3EA}.Debug|Any CPU.Build.0 = Debug|Any CPU
		{A145E499-F8CE-40FB-A244-2CE9EA70A3EA}.Release|Any CPU.ActiveCfg = Release|Any CPU
		{A145E499-F8CE-40FB-A244-2CE9EA70A3EA}.Release|Any CPU.Build.0 = Release|Any CPU
	EndGlobalSection
	GlobalSection(SolutionProperties) = preSolution
		HideSolutionNode = FALSE
	EndGlobalSection
	GlobalSection(ExtensibilityGlobals) = postSolution
		SolutionGuid = {9CB73357-1951-4BB2-9918-20B8ED0F7C68}
	EndGlobalSection
EndGlobal
