
Microsoft Visual Studio Solution File, Format Version 12.00
# Visual Studio Version 17
VisualStudioVersion = 17.4.33122.133
MinimumVisualStudioVersion = 10.0.40219.1
Project("{FAE04EC0-301F-11D3-BF4B-00C04F79EFBC}") = "AbrirJanelaComThread", "AbrirJanelaComThread\AbrirJanelaComThread.csproj", "{56508310-8978-4FDC-9469-33A6C22DFCA5}"
EndProject
Project("{FAE04EC0-301F-11D3-BF4B-00C04F79EFBC}") = "SmoothProgressBar", "SmoothProgressBar\SmoothProgressBar.csproj", "{9BCE50DD-E7C1-4B08-ADAE-639C71E1A20C}"
EndProject
Global
	GlobalSection(SolutionConfigurationPlatforms) = preSolution
		Debug|Any CPU = Debug|Any CPU
		Release|Any CPU = Release|Any CPU
	EndGlobalSection
	GlobalSection(ProjectConfigurationPlatforms) = postSolution
		{56508310-8978-4FDC-9469-33A6C22DFCA5}.Debug|Any CPU.ActiveCfg = Debug|Any CPU
		{56508310-8978-4FDC-9469-33A6C22DFCA5}.Debug|Any CPU.Build.0 = Debug|Any CPU
		{56508310-8978-4FDC-9469-33A6C22DFCA5}.Release|Any CPU.ActiveCfg = Release|Any CPU
		{56508310-8978-4FDC-9469-33A6C22DFCA5}.Release|Any CPU.Build.0 = Release|Any CPU
		{9BCE50DD-E7C1-4B08-ADAE-639C71E1A20C}.Debug|Any CPU.ActiveCfg = Debug|Any CPU
		{9BCE50DD-E7C1-4B08-ADAE-639C71E1A20C}.Debug|Any CPU.Build.0 = Debug|Any CPU
		{9BCE50DD-E7C1-4B08-ADAE-639C71E1A20C}.Release|Any CPU.ActiveCfg = Release|Any CPU
		{9BCE50DD-E7C1-4B08-ADAE-639C71E1A20C}.Release|Any CPU.Build.0 = Release|Any CPU
	EndGlobalSection
	GlobalSection(SolutionProperties) = preSolution
		HideSolutionNode = FALSE
	EndGlobalSection
	GlobalSection(ExtensibilityGlobals) = postSolution
		SolutionGuid = {1FF9D7D9-41C3-43A5-82CE-F7DF20FE3E40}
	EndGlobalSection
EndGlobal
