
Microsoft Visual Studio Solution File, Format Version 12.00
# Visual Studio Version 17
VisualStudioVersion = 17.7.34221.43
MinimumVisualStudioVersion = 10.0.40219.1
Project("{FAE04EC0-301F-11D3-BF4B-00C04F79EFBC}") = "GeraGuid", "GeraGuid\GeraGuid.csproj", "{BFCAA455-B3A7-4AFD-A743-74ABAF8922A1}"
EndProject
Global
	GlobalSection(SolutionConfigurationPlatforms) = preSolution
		Debug|Any CPU = Debug|Any CPU
		Release|Any CPU = Release|Any CPU
	EndGlobalSection
	GlobalSection(ProjectConfigurationPlatforms) = postSolution
		{BFCAA455-B3A7-4AFD-A743-74ABAF8922A1}.Debug|Any CPU.ActiveCfg = Debug|Any CPU
		{BFCAA455-B3A7-4AFD-A743-74ABAF8922A1}.Debug|Any CPU.Build.0 = Debug|Any CPU
		{BFCAA455-B3A7-4AFD-A743-74ABAF8922A1}.Release|Any CPU.ActiveCfg = Release|Any CPU
		{BFCAA455-B3A7-4AFD-A743-74ABAF8922A1}.Release|Any CPU.Build.0 = Release|Any CPU
	EndGlobalSection
	GlobalSection(SolutionProperties) = preSolution
		HideSolutionNode = FALSE
	EndGlobalSection
	GlobalSection(ExtensibilityGlobals) = postSolution
		SolutionGuid = {1D424693-57D9-4A55-B238-C0635C192B06}
	EndGlobalSection
EndGlobal
